
Microsoft Visual Studio Solution File, Format Version 12.00
Project("{FAE04EC0-301F-11D3-BF4B-00C04F79EFBC}") = "QuoteBot", "QuoteBot.csproj", "{132496D3-908A-4419-BB25-A08E11448FDE}"
EndProject
Global
	GlobalSection(SolutionConfigurationPlatforms) = preSolution
		Debug|Any CPU = Debug|Any CPU
		Release|Any CPU = Release|Any CPU
	EndGlobalSection
	GlobalSection(ProjectConfigurationPlatforms) = postSolution
		{132496D3-908A-4419-BB25-A08E11448FDE}.Debug|Any CPU.ActiveCfg = Debug|Any CPU
		{132496D3-908A-4419-BB25-A08E11448FDE}.Debug|Any CPU.Build.0 = Debug|Any CPU
		{132496D3-908A-4419-BB25-A08E11448FDE}.Release|Any CPU.ActiveCfg = Release|Any CPU
		{132496D3-908A-4419-BB25-A08E11448FDE}.Release|Any CPU.Build.0 = Release|Any CPU
	EndGlobalSection
EndGlobal
